<?xml version="1.0" encoding="utf-8"?>
<Project ToolsVersion="4.0" xmlns="http://schemas.microsoft.com/developer/msbuild/2003">
  <ItemGroup>
    <Filter Include="Source Files">
      <UniqueIdentifier>{4FC737F1-C7A5-4376-A066-2A32D752A2FF}</UniqueIdentifier>
      <Extensions>cpp;c;cc;cxx;def;odl;idl;hpj;bat;asm;asmx</Extensions>
    </Filter>
    <Filter Include="Header Files">
      <UniqueIdentifier>{93995380-89BD-4b04-88EB-625FBE52EBFB}</UniqueIdentifier>
      <Extensions>h;hh;hpp;hxx;hm;inl;inc;ipp;xsd</Extensions>
    </Filter>
    <Filter Include="Resource Files">
      <UniqueIdentifier>{67DA6AB6-F800-4c08-8B7A-83BB121AAD01}</UniqueIdentifier>
      <Extensions>rc;ico;cur;bmp;dlg;rc2;rct;bin;rgs;gif;jpg;jpeg;jpe;resx;tiff;tif;png;wav;mfcribbon-ms</Extensions>
    </Filter>
    <Filter Include="Header Files\Logic">
      <UniqueIdentifier>{3e37a4f8-84af-4928-8c13-4a3e13d7d946}</UniqueIdentifier>
    </Filter>
    <Filter Include="Header Files\Levels">
      <UniqueIdentifier>{19916c81-b6ff-4898-bcba-0e31dbab68b7}</UniqueIdentifier>
    </Filter>
    <Filter Include="Source Files\Logic">
      <UniqueIdentifier>{3b2a2523-bc93-4c1e-9422-7336146755c9}</UniqueIdentifier>
    </Filter>
    <Filter Include="Header Files\Playable">
      <UniqueIdentifier>{ce59488c-d569-49c6-b8e7-99c6fcf69e42}</UniqueIdentifier>
    </Filter>
    <Filter Include="Header Files\NonPlayable">
      <UniqueIdentifier>{d7dc4344-1de8-489c-bd8b-35991ccfe7d4}</UniqueIdentifier>
    </Filter>
    <Filter Include="Header Files\Logic\Fight">
      <UniqueIdentifier>{22790715-909a-4ec6-9af7-fad29b2538c4}</UniqueIdentifier>
    </Filter>
  </ItemGroup>
  <ItemGroup>
    <ClCompile Include="main.cpp">
      <Filter>Source Files</Filter>
    </ClCompile>
    <ClCompile Include="Source\GameStateHandler.cpp">
      <Filter>Source Files</Filter>
    </ClCompile>
    <ClCompile Include="Source\GraphicHandler.cpp">
      <Filter>Source Files</Filter>
    </ClCompile>
    <ClCompile Include="Source\GameLoader.cpp">
      <Filter>Source Files</Filter>
    </ClCompile>
    <ClCompile Include="Source\Graph\Graph.cpp">
      <Filter>Source Files</Filter>
    </ClCompile>
    <ClCompile Include="Source\Graph\TitleScreen\TitleScreenGraph.cpp">
      <Filter>Source Files</Filter>
    </ClCompile>
    <ClCompile Include="Source\Scenes\TitleScreen\TitleScreenScene.cpp">
      <Filter>Source Files</Filter>
    </ClCompile>
    <ClCompile Include="Source\Scenes\Scene.cpp">
      <Filter>Header Files</Filter>
    </ClCompile>
    <ClCompile Include="Source\Logic\Logic.cpp">
      <Filter>Source Files</Filter>
    </ClCompile>
    <ClCompile Include="Source\InputHandler.cpp">
      <Filter>Source Files</Filter>
    </ClCompile>
    <ClCompile Include="Source\Logic\TitleScreen\TitleScreenLogic.cpp">
      <Filter>Source Files</Filter>
    </ClCompile>
    <ClCompile Include="Source\Graph\Overworld\OverworldGraph.cpp">
      <Filter>Source Files</Filter>
    </ClCompile>
    <ClCompile Include="Source\Scenes\Overworld\OverWorldScene.cpp">
      <Filter>Source Files</Filter>
    </ClCompile>
    <ClCompile Include="Source\Logic\Overworld\OverWorldLogic.cpp">
      <Filter>Source Files</Filter>
    </ClCompile>
    <ClCompile Include="Source\CoreComponents\MTT_GraphicalObject.cpp">
      <Filter>Source Files</Filter>
    </ClCompile>
    <ClCompile Include="Source\CoreComponents\MTT_GraphicalStaticObject.cpp">
      <Filter>Source Files</Filter>
    </ClCompile>
    <ClCompile Include="Source\CoreComponents\MTT_Texture.cpp">
      <Filter>Header Files</Filter>
    </ClCompile>
    <ClCompile Include="Source\CoreComponents\MTT_SpriteSheet.cpp">
      <Filter>Source Files</Filter>
    </ClCompile>
    <ClCompile Include="Source\GameComponents\Player\Player.cpp">
      <Filter>Source Files</Filter>
    </ClCompile>
    <ClCompile Include="Source\GameComponents\Player\PlayerGAO.cpp">
      <Filter>Source Files</Filter>
    </ClCompile>
    <ClCompile Include="Source\GameComponents\Player\Player_SpriteSheet.cpp">
      <Filter>Source Files</Filter>
    </ClCompile>
    <ClCompile Include="Source\Graph\Camera.cpp">
      <Filter>Source Files</Filter>
    </ClCompile>
    <ClCompile Include="Source\Scenes\Fight\UndertaleFightScene.cpp">
      <Filter>Source Files</Filter>
    </ClCompile>
    <ClCompile Include="Source\Graph\Fight\UndertaleFightGraph.cpp">
      <Filter>Source Files</Filter>
    </ClCompile>
    <ClCompile Include="Source\CoreComponents\MTT_JsonFactory.cpp">
      <Filter>Source Files</Filter>
    </ClCompile>
  </ItemGroup>
  <ItemGroup>
    <ClInclude Include="Headers\GameStateHandler.h">
      <Filter>Header Files</Filter>
    </ClInclude>
    <ClInclude Include="Headers\GraphicHandler.h">
      <Filter>Header Files</Filter>
    </ClInclude>
    <ClInclude Include="Headers\InputHandler.h">
      <Filter>Header Files</Filter>
    </ClInclude>
    <ClInclude Include="Headers\GameLoader.h">
      <Filter>Header Files</Filter>
    </ClInclude>
    <ClInclude Include="Headers\Scenes\Scene.h">
      <Filter>Header Files</Filter>
    </ClInclude>
    <ClInclude Include="Headers\Graph\Graph.h">
      <Filter>Header Files</Filter>
    </ClInclude>
    <ClInclude Include="Headers\Scenes\TitleScreen\TitleScreenScene.h">
      <Filter>Header Files</Filter>
    </ClInclude>
    <ClInclude Include="Headers\Logic\TitleScreen\TitleScreenLogic.h">
      <Filter>Header Files</Filter>
    </ClInclude>
    <ClInclude Include="Headers\Graph\TitleScreen\TitleScreenGraph.h">
      <Filter>Header Files</Filter>
    </ClInclude>
    <ClInclude Include="Headers\Logic\Logic.h">
      <Filter>Header Files</Filter>
    </ClInclude>
    <ClInclude Include="Headers\Scenes\Overworld\OverWorldScene..h">
      <Filter>Header Files</Filter>
    </ClInclude>
    <ClInclude Include="Headers\Graph\Overworld\OverworldGraph.h">
      <Filter>Header Files</Filter>
    </ClInclude>
    <ClInclude Include="Headers\Logic\Overworld\OverWorldLogic.h">
      <Filter>Header Files</Filter>
    </ClInclude>
    <ClInclude Include="Headers\CoreComponents\MTT_GraphicalAnimatedObject.h">
      <Filter>Header Files</Filter>
    </ClInclude>
    <ClInclude Include="Headers\CoreComponents\MTT_GraphicalObject.h">
      <Filter>Header Files</Filter>
    </ClInclude>
    <ClInclude Include="Headers\CoreComponents\MTT_GraphicalStaticObject.h">
      <Filter>Header Files</Filter>
    </ClInclude>
    <ClInclude Include="Headers\CoreComponents\MTT_SpriteSheet.h">
      <Filter>Header Files</Filter>
    </ClInclude>
    <ClInclude Include="Headers\CoreComponents\MTT_Texture.h">
      <Filter>Header Files</Filter>
    </ClInclude>
    <ClInclude Include="Headers\GameComponents\Player\Player.h">
      <Filter>Header Files</Filter>
    </ClInclude>
    <ClInclude Include="Headers\GameComponents\Player\PlayerGAO.h">
      <Filter>Header Files</Filter>
    </ClInclude>
    <ClInclude Include="Headers\GameComponents\Player\Player_SpriteSheet.h">
      <Filter>Header Files</Filter>
    </ClInclude>
    <ClInclude Include="Headers\Graph\Camera.h">
      <Filter>Header Files</Filter>
    </ClInclude>
    <ClInclude Include="Headers\GameComponents\Cat.h">
      <Filter>Header Files</Filter>
    </ClInclude>
    <ClInclude Include="Headers\CoreComponents\MTT_LoadingArea.h">
      <Filter>Header Files</Filter>
    </ClInclude>
    <ClInclude Include="Headers\Scenes\Fight\UndertaleFightScene.h">
      <Filter>Header Files</Filter>
    </ClInclude>
    <ClInclude Include="Headers\Graph\Fight\UndertaleFightGraph.h">
      <Filter>Header Files</Filter>
    </ClInclude>
    <ClInclude Include="Headers\GameComponents\Enemy\UndertaleMode\UndertaleEnemy.h">
      <Filter>Header Files</Filter>
    </ClInclude>
    <ClInclude Include="Headers\GameComponents\Enemy\UndertaleMode\Mettaton\Mettaton.h">
      <Filter>Header Files</Filter>
    </ClInclude>
    <ClInclude Include="Headers\GameComponents\Enemy\UndertaleMode\Mettaton\MettatonGAO.h">
      <Filter>Header Files</Filter>
    </ClInclude>
    <ClInclude Include="Headers\GameComponents\Enemy\UndertaleMode\Mettaton\Mettaton_SpriteSheet.h">
      <Filter>Header Files</Filter>
    </ClInclude>
    <ClInclude Include="Headers\Logic\Fight\UndertaleFightLogic.h">
      <Filter>Header Files</Filter>
    </ClInclude>
    <ClInclude Include="Headers\CoreComponents\MTT_JsonFactory.h">
      <Filter>Header Files</Filter>
    </ClInclude>
  </ItemGroup>
</Project>